PODS:
  - AFNetworking (3.1.0):
    - AFNetworking/NSURLSession (= 3.1.0)
    - AFNetworking/Reachability (= 3.1.0)
    - AFNetworking/Security (= 3.1.0)
    - AFNetworking/Serialization (= 3.1.0)
    - AFNetworking/UIKit (= 3.1.0)
  - AFNetworking/NSURLSession (3.1.0):
    - AFNetworking/Reachability
    - AFNetworking/Security
    - AFNetworking/Serialization
  - AFNetworking/Reachability (3.1.0)
  - AFNetworking/Security (3.1.0)
  - AFNetworking/Serialization (3.1.0)
  - AFNetworking/UIKit (3.1.0):
    - AFNetworking/NSURLSession
  - Bugly (2.5.0)
  - FMDB (2.7.2):
    - FMDB/standard (= 2.7.2)
  - FMDB/standard (2.7.2)
  - GPUImage (0.1.7)
  - Ks3SDK (1.7.2)
  - KSYMediaEditorKit (1.6.1):
    - GPUImage
    - Ks3SDK (= 1.7.2)
    - libksygpulive (~> 2.9.1)
  - libksygpulive (2.9.5):
    - libksygpulive/libksygpulive (= 2.9.5)
  - libksygpulive/base (2.9.5)
  - libksygpulive/libksygpulive (2.9.5):
    - GPUImage
    - libksygpulive/streamerbase
  - libksygpulive/mediacodec (2.9.5)
  - libksygpulive/mediacore_enc_base (2.9.5)
  - libksygpulive/mediacore_enc_lite (2.9.5)
  - libksygpulive/streamerbase (2.9.5):
    - libksygpulive/base
    - libksygpulive/mediacodec
    - libksygpulive/mediacore_enc_base
    - libksygpulive/mediacore_enc_lite
    - libksygpulive/yuv
  - libksygpulive/yuv (2.9.5)
  - Masonry (1.1.0)
  - MBProgressHUD (1.1.0)
  - Toast (4.0.0)
  - UICKeyChainStore (2.1.1)
  - YYKit (1.0.9):
    - YYKit/no-arc (= 1.0.9)
  - YYKit/no-arc (1.0.9)

DEPENDENCIES:
  - AFNetworking (~> 3.0)
  - Bugly
  - FMDB
  - KSYMediaEditorKit (~> 1.6.1)
  - Masonry
  - MBProgressHUD
  - Toast (~> 4.0.0)
  - UICKeyChainStore
  - YYKit

SPEC CHECKSUMS:
  AFNetworking: 5e0e199f73d8626b11e79750991f5d173d1f8b67
  Bugly: 3ca9f255c01025582df26f9222893b383c7e4b4e
  FMDB: 6198a90e7b6900cfc046e6bc0ef6ebb7be9236aa
  GPUImage: 733a5f0fab92df9de1c37ba9df520a833ccb406d
  Ks3SDK: 04460cc317225ee7085ba598de36062bb342a508
  KSYMediaEditorKit: a6d2ad1c7abb184daef0611d1b1b5991cd3f3eb2
  libksygpulive: abec0f6ae5c1ec54517c7b6a3e66c808d2b683fb
  Masonry: 678fab65091a9290e40e2832a55e7ab731aad201
  MBProgressHUD: e7baa36a220447d8aeb12769bf0585582f3866d9
  Toast: 91b396c56ee72a5790816f40d3a94dd357abc196
  UICKeyChainStore: 239558492fa260531a0774cfc611ea83a6eaff3a
  YYKit: 7cda43304a8dc3696c449041e2cb3107b4e236e7

PODFILE CHECKSUM: 76dc6b102039dd7df2d6ad99b0d1621f7412ebcd

COCOAPODS: 1.2.1
